{
  "name": "2026-site",
  "version": "1.0.0",
  "lockfileVersion": 3,
  "requires": true,
  "packages": {
    "": {
      "name": "2026-site",
      "version": "1.0.0",
      "license": "ISC",
      "dependencies": {
        "context.dev": "^1.3.0"
      }
    },
    "node_modules/context.dev": {
      "version": "1.3.0",
      "resolved": "https://registry.npmjs.org/context.dev/-/context.dev-1.3.0.tgz",
      "integrity": "sha512-hDGJQdi+Axwc5Biu53nPGr7BlpPcM7Dly8lCrdGY3BzYnmR0Ksrqaiv1F44NxlARHyXp2LdgXitJHzm4noDpOQ==",
      "license": "Apache-2.0"
    }
  }
}
